// !$*UTF8*$!
{
	archiveVersion = 1;
	classes = {
	};
	objectVersion = 48;
	objects = {

/* Begin PBXBuildFile section */
		B6958EFE20BD432A00E20A63 /* AppDelegate.m in Sources */ = {isa = PBXBuildFile; fileRef = B6958EFD20BD432A00E20A63 /* AppDelegate.m */; };
		B6958F0120BD432A00E20A63 /* ViewController.m in Sources */ = {isa = PBXBuildFile; fileRef = B6958F0020BD432A00E20A63 /* ViewController.m */; };
		B6958F0420BD432A00E20A63 /* Main.storyboard in Resources */ = {isa = PBXBuildFile; fileRef = B6958F0220BD432A00E20A63 /* Main.storyboard */; };
		B6958F0620BD432A00E20A63 /* Assets.xcassets in Resources */ = {isa = PBXBuildFile; fileRef = B6958F0520BD432A00E20A63 /* Assets.xcassets */; };
		B6958F0920BD432A00E20A63 /* LaunchScreen.storyboard in Resources */ = {isa = PBXBuildFile; fileRef = B6958F0720BD432A00E20A63 /* LaunchScreen.storyboard */; };
		B6958F0C20BD432A00E20A63 /* main.m in Sources */ = {isa = PBXBuildFile; fileRef = B6958F0B20BD432A00E20A63 /* main.m */; };
		B6958F1620BD432A00E20A63 /* FTChartsUITests.m in Sources */ = {isa = PBXBuildFile; fileRef = B6958F1520BD432A00E20A63 /* FTChartsUITests.m */; };
/* End PBXBuildFile section */

/* Begin PBXContainerItemProxy section */
		B6958F1220BD432A00E20A63 /* PBXContainerItemProxy */ = {
			isa = PBXContainerItemProxy;
			containerPortal = B6958EF120BD432A00E20A63 /* Project object */;
			proxyType = 1;
			remoteGlobalIDString = B6958EF820BD432A00E20A63;
			remoteInfo = FTCharts;
		};
/* End PBXContainerItemProxy section */

/* Begin PBXFileReference section */
		B6958EF920BD432A00E20A63 /* FTCharts.app */ = {isa = PBXFileReference; explicitFileType = wrapper.application; includeInIndex = 0; path = FTCharts.app; sourceTree = BUILT_PRODUCTS_DIR; };
		B6958EFC20BD432A00E20A63 /* AppDelegate.h */ = {isa = PBXFileReference; lastKnownFileType = sourcecode.c.h; path = AppDelegate.h; sourceTree = "<group>"; };
		B6958EFD20BD432A00E20A63 /* AppDelegate.m */ = {isa = PBXFileReference; lastKnownFileType = sourcecode.c.objc; path = AppDelegate.m; sourceTree = "<group>"; };
		B6958EFF20BD432A00E20A63 /* ViewController.h */ = {isa = PBXFileReference; lastKnownFileType = sourcecode.c.h; path = ViewController.h; sourceTree = "<group>"; };
		B6958F0020BD432A00E20A63 /* ViewController.m */ = {isa = PBXFileReference; lastKnownFileType = sourcecode.c.objc; path = ViewController.m; sourceTree = "<group>"; };
		B6958F0320BD432A00E20A63 /* Base */ = {isa = PBXFileReference; lastKnownFileType = file.storyboard; name = Base; path = Base.lproj/Main.storyboard; sourceTree = "<group>"; };
		B6958F0520BD432A00E20A63 /* Assets.xcassets */ = {isa = PBXFileReference; lastKnownFileType = folder.assetcatalog; path = Assets.xcassets; sourceTree = "<group>"; };
		B6958F0820BD432A00E20A63 /* Base */ = {isa = PBXFileReference; lastKnownFileType = file.storyboard; name = Base; path = Base.lproj/LaunchScreen.storyboard; sourceTree = "<group>"; };
		B6958F0A20BD432A00E20A63 /* Info.plist */ = {isa = PBXFileReference; lastKnownFileType = text.plist.xml; path = Info.plist; sourceTree = "<group>"; };
		B6958F0B20BD432A00E20A63 /* main.m */ = {isa = PBXFileReference; lastKnownFileType = sourcecode.c.objc; path = main.m; sourceTree = "<group>"; };
		B6958F1120BD432A00E20A63 /* FTChartsUITests.xctest */ = {isa = PBXFileReference; explicitFileType = wrapper.cfbundle; includeInIndex = 0; path = FTChartsUITests.xctest; sourceTree = BUILT_PRODUCTS_DIR; };
		B6958F1520BD432A00E20A63 /* FTChartsUITests.m */ = {isa = PBXFileReference; lastKnownFileType = sourcecode.c.objc; path = FTChartsUITests.m; sourceTree = "<group>"; };
		B6958F1720BD432A00E20A63 /* Info.plist */ = {isa = PBXFileReference; lastKnownFileType = text.plist.xml; path = Info.plist; sourceTree = "<group>"; };
/* End PBXFileReference section */

/* Begin PBXFrameworksBuildPhase section */
		B6958EF620BD432A00E20A63 /* Frameworks */ = {
			isa = PBXFrameworksBuildPhase;
			buildActionMask = 2147483647;
			files = (
			);
			runOnlyForDeploymentPostprocessing = 0;
		};
		B6958F0E20BD432A00E20A63 /* Frameworks */ = {
			isa = PBXFrameworksBuildPhase;
			buildActionMask = 2147483647;
			files = (
			);
			runOnlyForDeploymentPostprocessing = 0;
		};
/* End PBXFrameworksBuildPhase section */

/* Begin PBXGroup section */
		B6958EF020BD432A00E20A63 = {
			isa = PBXGroup;
			children = (
				B6958EFB20BD432A00E20A63 /* FTCharts */,
				B6958F1420BD432A00E20A63 /* FTChartsUITests */,
				B6958EFA20BD432A00E20A63 /* Products */,
			);
			sourceTree = "<group>";
		};
		B6958EFA20BD432A00E20A63 /* Products */ = {
			isa = PBXGroup;
			children = (
				B6958EF920BD432A00E20A63 /* FTCharts.app */,
				B6958F1120BD432A00E20A63 /* FTChartsUITests.xctest */,
			);
			name = Products;
			sourceTree = "<group>";
		};
		B6958EFB20BD432A00E20A63 /* FTCharts */ = {
			isa = PBXGroup;
			children = (
				B6958EFC20BD432A00E20A63 /* AppDelegate.h */,
				B6958EFD20BD432A00E20A63 /* AppDelegate.m */,
				B6958EFF20BD432A00E20A63 /* ViewController.h */,
				B6958F0020BD432A00E20A63 /* ViewController.m */,
				B6958F0220BD432A00E20A63 /* Main.storyboard */,
				B6958F0520BD432A00E20A63 /* Assets.xcassets */,
				B6958F0720BD432A00E20A63 /* LaunchScreen.storyboard */,
				B6958F0A20BD432A00E20A63 /* Info.plist */,
				B6958F0B20BD432A00E20A63 /* main.m */,
			);
			path = FTCharts;
			sourceTree = "<group>";
		};
		B6958F1420BD432A00E20A63 /* FTChartsUITests */ = {
			isa = PBXGroup;
			children = (
				B6958F1520BD432A00E20A63 /* FTChartsUITests.m */,
				B6958F1720BD432A00E20A63 /* Info.plist */,
			);
			path = FTChartsUITests;
			sourceTree = "<group>";
		};
/* End PBXGroup section */

/* Begin PBXNativeTarget section */
		B6958EF820BD432A00E20A63 /* FTCharts */ = {
			isa = PBXNativeTarget;
			buildConfigurationList = B6958F1A20BD432A00E20A63 /* Build configuration list for PBXNativeTarget "FTCharts" */;
			buildPhases = (
				B6958EF520BD432A00E20A63 /* Sources */,
				B6958EF620BD432A00E20A63 /* Frameworks */,
				B6958EF720BD432A00E20A63 /* Resources */,
			);
			buildRules = (
			);
			dependencies = (
			);
			name = FTCharts;
			productName = FTCharts;
			productReference = B6958EF920BD432A00E20A63 /* FTCharts.app */;
			productType = "com.apple.product-type.application";
		};
		B6958F1020BD432A00E20A63 /* FTChartsUITests */ = {
			isa = PBXNativeTarget;
			buildConfigurationList = B6958F1D20BD432A00E20A63 /* Build configuration list for PBXNativeTarget "FTChartsUITests" */;
			buildPhases = (
				B6958F0D20BD432A00E20A63 /* Sources */,
				B6958F0E20BD432A00E20A63 /* Frameworks */,
				B6958F0F20BD432A00E20A63 /* Resources */,
			);
			buildRules = (
			);
			dependencies = (
				B6958F1320BD432A00E20A63 /* PBXTargetDependency */,
			);
			name = FTChartsUITests;
			productName = FTChartsUITests;
			productReference = B6958F1120BD432A00E20A63 /* FTChartsUITests.xctest */;
			productType = "com.apple.product-type.bundle.ui-testing";
		};
/* End PBXNativeTarget section */

/* Begin PBXProject section */
		B6958EF120BD432A00E20A63 /* Project object */ = {
			isa = PBXProject;
			attributes = {
				LastUpgradeCheck = 0920;
				ORGANIZATIONNAME = "futang yang";
				TargetAttributes = {
					B6958EF820BD432A00E20A63 = {
						CreatedOnToolsVersion = 9.2;
						ProvisioningStyle = Automatic;
					};
					B6958F1020BD432A00E20A63 = {
						CreatedOnToolsVersion = 9.2;
						ProvisioningStyle = Automatic;
						TestTargetID = B6958EF820BD432A00E20A63;
					};
				};
			};
			buildConfigurationList = B6958EF420BD432A00E20A63 /* Build configuration list for PBXProject "FTCharts" */;
			compatibilityVersion = "Xcode 8.0";
			developmentRegion = en;
			hasScannedForEncodings = 0;
			knownRegions = (
				en,
				Base,
			);
			mainGroup = B6958EF020BD432A00E20A63;
			productRefGroup = B6958EFA20BD432A00E20A63 /* Products */;
			projectDirPath = "";
			projectRoot = "";
			targets = (
				B6958EF820BD432A00E20A63 /* FTCharts */,
				B6958F1020BD432A00E20A63 /* FTChartsUITests */,
			);
		};
/* End PBXProject section */

/* Begin PBXResourcesBuildPhase section */
		B6958EF720BD432A00E20A63 /* Resources */ = {
			isa = PBXResourcesBuildPhase;
			buildActionMask = 2147483647;
			files = (
				B6958F0920BD432A00E20A63 /* LaunchScreen.storyboard in Resources */,
				B6958F0620BD432A00E20A63 /* Assets.xcassets in Resources */,
				B6958F0420BD432A00E20A63 /* Main.storyboard in Resources */,
			);
			runOnlyForDeploymentPostprocessing = 0;
		};
		B6958F0F20BD432A00E20A63 /* Resources */ = {
			isa = PBXResourcesBuildPhase;
			buildActionMask = 2147483647;
			files = (
			);
			runOnlyForDeploymentPostprocessing = 0;
		};
/* End PBXResourcesBuildPhase section */

/* Begin PBXSourcesBuildPhase section */
		B6958EF520BD432A00E20A63 /* Sources */ = {
			isa = PBXSourcesBuildPhase;
			buildActionMask = 2147483647;
			files = (
				B6958F0120BD432A00E20A63 /* ViewController.m in Sources */,
				B6958F0C20BD432A00E20A63 /* main.m in Sources */,
				B6958EFE20BD432A00E20A63 /* AppDelegate.m in Sources */,
			);
			runOnlyForDeploymentPostprocessing = 0;
		};
		B6958F0D20BD432A00E20A63 /* Sources */ = {
			isa = PBXSourcesBuildPhase;
			buildActionMask = 2147483647;
			files = (
				B6958F1620BD432A00E20A63 /* FTChartsUITests.m in Sources */,
			);
			runOnlyForDeploymentPostprocessing = 0;
		};
/* End PBXSourcesBuildPhase section */

/* Begin PBXTargetDependency section */
		B6958F1320BD432A00E20A63 /* PBXTargetDependency */ = {
			isa = PBXTargetDependency;
			target = B6958EF820BD432A00E20A63 /* FTCharts */;
			targetProxy = B6958F1220BD432A00E20A63 /* PBXContainerItemProxy */;
		};
/* End PBXTargetDependency section */

/* Begin PBXVariantGroup section */
		B6958F0220BD432A00E20A63 /* Main.storyboard */ = {
			isa = PBXVariantGroup;
			children = (
				B6958F0320BD432A00E20A63 /* Base */,
			);
			name = Main.storyboard;
			sourceTree = "<group>";
		};
		B6958F0720BD432A00E20A63 /* LaunchScreen.storyboard */ = {
			isa = PBXVariantGroup;
			children = (
				B6958F0820BD432A00E20A63 /* Base */,
			);
			name = LaunchScreen.storyboard;
			sourceTree = "<group>";
		};
/* End PBXVariantGroup section */

/* Begin XCBuildConfiguration section */
		B6958F1820BD432A00E20A63 /* Debug */ = {
			isa = XCBuildConfiguration;
			buildSettings = {
				ALWAYS_SEARCH_USER_PATHS = NO;
				CLANG_ANALYZER_NONNULL = YES;
				CLANG_ANALYZER_NUMBER_OBJECT_CONVERSION = YES_AGGRESSIVE;
				CLANG_CXX_LANGUAGE_STANDARD = "gnu++14";
				CLANG_CXX_LIBRARY = "libc++";
				CLANG_ENABLE_MODULES = YES;
				CLANG_ENABLE_OBJC_ARC = YES;
				CLANG_WARN_BLOCK_CAPTURE_AUTORELEASING = YES;
				CLANG_WARN_BOOL_CONVERSION = YES;
				CLANG_WARN_COMMA = YES;
				CLANG_WARN_CONSTANT_CONVERSION = YES;
				CLANG_WARN_DIRECT_OBJC_ISA_USAGE = YES_ERROR;
				CLANG_WARN_DOCUMENTATION_COMMENTS = YES;
				CLANG_WARN_EMPTY_BODY = YES;
				CLANG_WARN_ENUM_CONVERSION = YES;
				CLANG_WARN_INFINITE_RECURSION = YES;
				CLANG_WARN_INT_CONVERSION = YES;
				CLANG_WARN_NON_LITERAL_NULL_CONVERSION = YES;
				CLANG_WARN_OBJC_LITERAL_CONVERSION = YES;
				CLANG_WARN_OBJC_ROOT_CLASS = YES_ERROR;
				CLANG_WARN_RANGE_LOOP_ANALYSIS = YES;
				CLANG_WARN_STRICT_PROTOTYPES = YES;
				CLANG_WARN_SUSPICIOUS_MOVE = YES;
				CLANG_WARN_UNGUARDED_AVAILABILITY = YES_AGGRESSIVE;
				CLANG_WARN_UNREACHABLE_CODE = YES;
				CLANG_WARN__DUPLICATE_METHOD_MATCH = YES;
				CODE_SIGN_IDENTITY = "iPhone Developer";
				COPY_PHASE_STRIP = NO;
				DEBUG_INFORMATION_FORMAT = dwarf;
				ENABLE_STRICT_OBJC_MSGSEND = YES;
				ENABLE_TESTABILITY = YES;
				GCC_C_LANGUAGE_STANDARD = gnu11;
				GCC_DYNAMIC_NO_PIC = NO;
				GCC_NO_COMMON_BLOCKS = YES;
				GCC_OPTIMIZATION_LEVEL = 0;
				GCC_PREPROCESSOR_DEFINITIONS = (
					"DEBUG=1",
					"$(inherited)",
				);
				GCC_WARN_64_TO_32_BIT_CONVERSION = YES;
				GCC_WARN_ABOUT_RETURN_TYPE = YES_ERROR;
				GCC_WARN_UNDECLARED_SELECTOR = YES;
				GCC_WARN_UNINITIALIZED_AUTOS = YES_AGGRESSIVE;
				GCC_WARN_UNUSED_FUNCTION = YES;
				GCC_WARN_UNUSED_VARIABLE = YES;
				IPHONEOS_DEPLOYMENT_TARGET = 11.2;
				MTL_ENABLE_DEBUG_INFO = YES;
				ONLY_ACTIVE_ARCH = YES;
				SDKROOT = iphoneos;
			};
			name = Debug;
		};
		B6958F1920BD432A00E20A63 /* Release */ = {
			isa = XCBuildConfiguration;
			buildSettings = {
				ALWAYS_SEARCH_USER_PATHS = NO;
				CLANG_ANALYZER_NONNULL = YES;
				CLANG_ANALYZER_NUMBER_OBJECT_CONVERSION = YES_AGGRESSIVE;
				CLANG_CXX_LANGUAGE_STANDARD = "gnu++14";
				CLANG_CXX_LIBRARY = "libc++";
				CLANG_ENABLE_MODULES = YES;
				CLANG_ENABLE_OBJC_ARC = YES;
				CLANG_WARN_BLOCK_CAPTURE_AUTORELEASING = YES;
				CLANG_WARN_BOOL_CONVERSION = YES;
				CLANG_WARN_COMMA = YES;
				CLANG_WARN_CONSTANT_CONVERSION = YES;
				CLANG_WARN_DIRECT_OBJC_ISA_USAGE = YES_ERROR;
				CLANG_WARN_DOCUMENTATION_COMMENTS = YES;
				CLANG_WARN_EMPTY_BODY = YES;
				CLANG_WARN_ENUM_CONVERSION = YES;
				CLANG_WARN_INFINITE_RECURSION = YES;
				CLANG_WARN_INT_CONVERSION = YES;
				CLANG_WARN_NON_LITERAL_NULL_CONVERSION = YES;
				CLANG_WARN_OBJC_LITERAL_CONVERSION = YES;
				CLANG_WARN_OBJC_ROOT_CLASS = YES_ERROR;
				CLANG_WARN_RANGE_LOOP_ANALYSIS = YES;
				CLANG_WARN_STRICT_PROTOTYPES = YES;
				CLANG_WARN_SUSPICIOUS_MOVE = YES;
				CLANG_WARN_UNGUARDED_AVAILABILITY = YES_AGGRESSIVE;
				CLANG_WARN_UNREACHABLE_CODE = YES;
				CLANG_WARN__DUPLICATE_METHOD_MATCH = YES;
				CODE_SIGN_IDENTITY = "iPhone Developer";
				COPY_PHASE_STRIP = NO;
				DEBUG_INFORMATION_FORMAT = "dwarf-with-dsym";
				ENABLE_NS_ASSERTIONS = NO;
				ENABLE_STRICT_OBJC_MSGSEND = YES;
				GCC_C_LANGUAGE_STANDARD = gnu11;
				GCC_NO_COMMON_BLOCKS = YES;
				GCC_WARN_64_TO_32_BIT_CONVERSION = YES;
				GCC_WARN_ABOUT_RETURN_TYPE = YES_ERROR;
				GCC_WARN_UNDECLARED_SELECTOR = YES;
				GCC_WARN_UNINITIALIZED_AUTOS = YES_AGGRESSIVE;
				GCC_WARN_UNUSED_FUNCTION = YES;
				GCC_WARN_UNUSED_VARIABLE = YES;
				IPHONEOS_DEPLOYMENT_TARGET = 11.2;
				MTL_ENABLE_DEBUG_INFO = NO;
				SDKROOT = iphoneos;
				VALIDATE_PRODUCT = YES;
			};
			name = Release;
		};
		B6958F1B20BD432A00E20A63 /* Debug */ = {
			isa = XCBuildConfiguration;
			buildSettings = {
				ASSETCATALOG_COMPILER_APPICON_NAME = AppIcon;
				CODE_SIGN_STYLE = Automatic;
				DEVELOPMENT_TEAM = D2VQLT238M;
				INFOPLIST_FILE = FTCharts/Info.plist;
				LD_RUNPATH_SEARCH_PATHS = "$(inherited) @executable_path/Frameworks";
				PRODUCT_BUNDLE_IDENTIFIER = jujin8.FTCharts;
				PRODUCT_NAME = "$(TARGET_NAME)";
				TARGETED_DEVICE_FAMILY = "1,2";
			};
			name = Debug;
		};
		B6958F1C20BD432A00E20A63 /* Release */ = {
			isa = XCBuildConfiguration;
			buildSettings = {
				ASSETCATALOG_COMPILER_APPICON_NAME = AppIcon;
				CODE_SIGN_STYLE = Automatic;
				DEVELOPMENT_TEAM = D2VQLT238M;
				INFOPLIST_FILE = FTCharts/Info.plist;
				LD_RUNPATH_SEARCH_PATHS = "$(inherited) @executable_path/Frameworks";
				PRODUCT_BUNDLE_IDENTIFIER = jujin8.FTCharts;
				PRODUCT_NAME = "$(TARGET_NAME)";
				TARGETED_DEVICE_FAMILY = "1,2";
			};
			name = Release;
		};
		B6958F1E20BD432A00E20A63 /* Debug */ = {
			isa = XCBuildConfiguration;
			buildSettings = {
				CODE_SIGN_STYLE = Automatic;
				DEVELOPMENT_TEAM = D2VQLT238M;
				INFOPLIST_FILE = FTChartsUITests/Info.plist;
				LD_RUNPATH_SEARCH_PATHS = "$(inherited) @executable_path/Frameworks @loader_path/Frameworks";
				PRODUCT_BUNDLE_IDENTIFIER = jujin8.FTChartsUITests;
				PRODUCT_NAME = "$(TARGET_NAME)";
				TARGETED_DEVICE_FAMILY = "1,2";
				TEST_TARGET_NAME = FTCharts;
			};
			name = Debug;
		};
		B6958F1F20BD432A00E20A63 /* Release */ = {
			isa = XCBuildConfiguration;
			buildSettings = {
				CODE_SIGN_STYLE = Automatic;
				DEVELOPMENT_TEAM = D2VQLT238M;
				INFOPLIST_FILE = FTChartsUITests/Info.plist;
				LD_RUNPATH_SEARCH_PATHS = "$(inherited) @executable_path/Frameworks @loader_path/Frameworks";
				PRODUCT_BUNDLE_IDENTIFIER = jujin8.FTChartsUITests;
				PRODUCT_NAME = "$(TARGET_NAME)";
				TARGETED_DEVICE_FAMILY = "1,2";
				TEST_TARGET_NAME = FTCharts;
			};
			name = Release;
		};
/* End XCBuildConfiguration section */

/* Begin XCConfigurationList section */
		B6958EF420BD432A00E20A63 /* Build configuration list for PBXProject "FTCharts" */ = {
			isa = XCConfigurationList;
			buildConfigurations = (
				B6958F1820BD432A00E20A63 /* Debug */,
				B6958F1920BD432A00E20A63 /* Release */,
			);
			defaultConfigurationIsVisible = 0;
			defaultConfigurationName = Release;
		};
		B6958F1A20BD432A00E20A63 /* Build configuration list for PBXNativeTarget "FTCharts" */ = {
			isa = XCConfigurationList;
			buildConfigurations = (
				B6958F1B20BD432A00E20A63 /* Debug */,
				B6958F1C20BD432A00E20A63 /* Release */,
			);
			defaultConfigurationIsVisible = 0;
			defaultConfigurationName = Release;
		};
		B6958F1D20BD432A00E20A63 /* Build configuration list for PBXNativeTarget "FTChartsUITests" */ = {
			isa = XCConfigurationList;
			buildConfigurations = (
				B6958F1E20BD432A00E20A63 /* Debug */,
				B6958F1F20BD432A00E20A63 /* Release */,
			);
			defaultConfigurationIsVisible = 0;
			defaultConfigurationName = Release;
		};
/* End XCConfigurationList section */
	};
	rootObject = B6958EF120BD432A00E20A63 /* Project object */;
}
